{
          "requires": true,
          "lockfileVersion": 1,
          "dependencies": {
                    "amdefine": {
                              "version": "1.0.1",
                              "resolved": "https://registry.npmjs.org/amdefine/-/amdefine-1.0.1.tgz",
                              "integrity": "sha1-SlKCrBZHKek2Gbz9OtFR+BfOkfU="
                    },
                    "argparse": {
                              "version": "0.1.16",
                              "resolved": "https://registry.npmjs.org/argparse/-/argparse-0.1.16.tgz",
                              "integrity": "sha1-z9AeD7uj1srtBJ+9dY1A9lGW9Xw=",
                              "requires": {
                                        "underscore": "~1.7.0",
                                        "underscore.string": "~2.4.0"
                              }
                    },
                    "async": {
                              "version": "0.2.10",
                              "resolved": "https://registry.npmjs.org/async/-/async-0.2.10.tgz",
                              "integrity": "sha1-trvgsGdLnXGXCMo43owjfLUmw9E="
                    },
                    "balanced-match": {
                              "version": "1.0.0",
                              "resolved": "https://registry.npmjs.org/balanced-match/-/balanced-match-1.0.0.tgz",
                              "integrity": "sha1-ibTRmasr7kneFk6gK4nORi1xt2c="
                    },
                    "brace-expansion": {
                              "version": "1.1.11",
                              "resolved": "https://registry.npmjs.org/brace-expansion/-/brace-expansion-1.1.11.tgz",
                              "integrity": "sha512-iCuPHDFgrHX7H2vEI/5xpz07zSHB00TpugqhmYtVmMO6518mCuRMoOYFldEBl0g187ufozdaHgWKcYFb61qGiA==",
                              "requires": {
                                        "balanced-match": "^1.0.0",
                                        "concat-map": "0.0.1"
                              }
                    },
                    "character-parser": {
                              "version": "1.0.2",
                              "resolved": "https://registry.npmjs.org/character-parser/-/character-parser-1.0.2.tgz",
                              "integrity": "sha1-VThNavz4xrndSD6DR2RqeQ5FRec="
                    },
                    "coa": {
                              "version": "0.3.9",
                              "resolved": "https://registry.npmjs.org/coa/-/coa-0.3.9.tgz",
                              "integrity": "sha1-fj0g0wr3C4CGLpXU1JtxUYO+lgQ=",
                              "requires": {
                                        "q": "~0.8.10"
                              }
                    },
                    "colors": {
                              "version": "0.6.2",
                              "resolved": "https://registry.npmjs.org/colors/-/colors-0.6.2.tgz",
                              "integrity": "sha1-JCP+ZnisDF2uiFLl0OW+CMmXq8w="
                    },
                    "commander": {
                              "version": "1.1.1",
                              "resolved": "https://registry.npmjs.org/commander/-/commander-1.1.1.tgz",
                              "integrity": "sha1-UNFlGGiuYOzP8KLZ80WVN2vGsEE=",
                              "requires": {
                                        "keypress": "0.1.x"
                              }
                    },
                    "concat-map": {
                              "version": "0.0.1",
                              "resolved": "https://registry.npmjs.org/concat-map/-/concat-map-0.0.1.tgz",
                              "integrity": "sha1-2Klr13/Wjfd5OnMDajug1UBdR3s="
                    },
                    "css": {
                              "version": "1.0.8",
                              "resolved": "https://registry.npmjs.org/css/-/css-1.0.8.tgz",
                              "integrity": "sha1-k4aBHKgrzMnuf7WnMrHioxfIo+c=",
                              "requires": {
                                        "css-parse": "1.0.4",
                                        "css-stringify": "1.0.5"
                              }
                    },
                    "css-parse": {
                              "version": "1.0.4",
                              "resolved": "https://registry.npmjs.org/css-parse/-/css-parse-1.0.4.tgz",
                              "integrity": "sha1-OLBQP7+dqfVOnB29pg4UXHcRe90="
                    },
                    "css-stringify": {
                              "version": "1.0.5",
                              "resolved": "https://registry.npmjs.org/css-stringify/-/css-stringify-1.0.5.tgz",
                              "integrity": "sha1-sNBClG2ylTu50pKQCmy19tASIDE="
                    },
                    "cssom": {
                              "version": "0.2.5",
                              "resolved": "https://registry.npmjs.org/cssom/-/cssom-0.2.5.tgz",
                              "integrity": "sha1-JoJwm1kC5yEt9SkRb/eIzVslSJQ="
                    },
                    "debug": {
                              "version": "4.1.1",
                              "resolved": "https://registry.npmjs.org/debug/-/debug-4.1.1.tgz",
                              "integrity": "sha512-pYAIzeRo8J6KPEaJ0VWOh5Pzkbw/RetuzehGM7QRRX5he4fPHx2rdKMB256ehJCkX+XRQm16eZLqLNS8RSZXZw==",
                              "requires": {
                                        "ms": "^2.1.1"
                              }
                    },
                    "esprima": {
                              "version": "1.0.4",
                              "resolved": "https://registry.npmjs.org/esprima/-/esprima-1.0.4.tgz",
                              "integrity": "sha1-n1V+CPw7TSbs6d00+Pv0drYlha0="
                    },
                    "fs-tools": {
                              "version": "0.2.11",
                              "resolved": "https://registry.npmjs.org/fs-tools/-/fs-tools-0.2.11.tgz",
                              "integrity": "sha1-ZKYzkRn42mh75NH9vaN+4PiOZEw=",
                              "requires": {
                                        "async": "~ 0.2.9",
                                        "lodash": "~ 2.4.1"
                              },
                              "dependencies": {
                                        "lodash": {
                                                  "version": "2.4.2",
                                                  "resolved": "https://registry.npmjs.org/lodash/-/lodash-2.4.2.tgz",
                                                  "integrity": "sha1-+t2DS5aDBz2hebPq5tnA0VBT9z4="
                                        }
                              }
                    },
                    "is-promise": {
                              "version": "1.0.1",
                              "resolved": "https://registry.npmjs.org/is-promise/-/is-promise-1.0.1.tgz",
                              "integrity": "sha1-MVc3YcBX4zwukaq56W2gjO++duU="
                    },
                    "jade": {
                              "version": "0.30.0",
                              "resolved": "https://registry.npmjs.org/jade/-/jade-0.30.0.tgz",
                              "integrity": "sha1-nqgW2mG+pv70cJtNn2tELx4gW6M=",
                              "requires": {
                                        "character-parser": "~1.0.0",
                                        "commander": "~1.1.1",
                                        "mkdirp": "0.3.x",
                                        "monocle": "~0.1.46",
                                        "transformers": "~2.0.1"
                              }
                    },
                    "js-yaml": {
                              "version": "2.0.5",
                              "resolved": "https://registry.npmjs.org/js-yaml/-/js-yaml-2.0.5.tgz",
                              "integrity": "sha1-olrmUJmZ6X3yeMZxnaEb0Gh3Q6g=",
                              "requires": {
                                        "argparse": "~ 0.1.11",
                                        "esprima": "~ 1.0.2"
                              }
                    },
                    "keypress": {
                              "version": "0.1.0",
                              "resolved": "https://registry.npmjs.org/keypress/-/keypress-0.1.0.tgz",
                              "integrity": "sha1-SjGI1CkbZrT2XtuZ+AaqmuKTWSo="
                    },
                    "lodash": {
                              "version": "1.2.1",
                              "resolved": "https://registry.npmjs.org/lodash/-/lodash-1.2.1.tgz",
                              "integrity": "sha1-7UexbkbwaytAMJto6RY8F+k+owQ="
                    },
                    "minimatch": {
                              "version": "3.0.4",
                              "resolved": "https://registry.npmjs.org/minimatch/-/minimatch-3.0.4.tgz",
                              "integrity": "sha512-yJHVQEhyqPLUTgt9B83PXu6W3rx4MvvHvSUvToogpwoGDOUQ+yDrR0HRot+yOCdCO7u4hX3pWft6kWBBcqh0UA==",
                              "requires": {
                                        "brace-expansion": "^1.1.7"
                              }
                    },
                    "minimist": {
                              "version": "1.2.6",
                              "resolved": "https://registry.npmjs.org/minimist/-/minimist-1.2.6.tgz",
                              "integrity": "sha512-Jsjnk4bw3YJqYzbdyBiNsPWHPfO++UGG749Cxs6peCu5Xg4nrena6OVxOYxrQTqww0Jmwt+Ref8rggumkTLz9Q=="
                    },
                    "mkdirp": {
                              "version": "0.3.5",
                              "resolved": "https://registry.npmjs.org/mkdirp/-/mkdirp-0.3.5.tgz",
                              "integrity": "sha1-3j5fiWHIjHh+4TaN+EmsRBPsqNc="
                    },
                    "monocle": {
                              "version": "0.1.50",
                              "resolved": "https://registry.npmjs.org/monocle/-/monocle-0.1.50.tgz",
                              "integrity": "sha1-mny9DMwQ3pX9eKBLm+skgq5JQLc=",
                              "requires": {
                                        "readdirp": "~0.2.3"
                              }
                    },
                    "ms": {
                              "version": "2.1.2",
                              "resolved": "https://registry.npmjs.org/ms/-/ms-2.1.2.tgz",
                              "integrity": "sha512-sGkPx+VjMtmA6MX27oA4FBFELFCZZ4S4XqeGOXCv68tT+jb3vk/RyaKWP0PTKyWtmLSM0b+adUTEvbs1PEaH2w=="
                    },
                    "optimist": {
                              "version": "0.3.7",
                              "resolved": "https://registry.npmjs.org/optimist/-/optimist-0.3.7.tgz",
                              "integrity": "sha1-yQlBrVnkJzMokjB00s8ufLxuwNk=",
                              "requires": {
                                        "wordwrap": "~0.0.2"
                              }
                    },
                    "promise": {
                              "version": "2.0.0",
                              "resolved": "https://registry.npmjs.org/promise/-/promise-2.0.0.tgz",
                              "integrity": "sha1-RmSKqdYFr10ucMMCS/WUNtoCuA4=",
                              "requires": {
                                        "is-promise": "~1"
                              }
                    },
                    "q": {
                              "version": "0.8.12",
                              "resolved": "https://registry.npmjs.org/q/-/q-0.8.12.tgz",
                              "integrity": "sha1-kWKpHhGBnEvNp9oVz1/vqtB3iCM="
                    },
                    "readdirp": {
                              "version": "0.2.5",
                              "resolved": "https://registry.npmjs.org/readdirp/-/readdirp-0.2.5.tgz",
                              "integrity": "sha1-xMJ25Sl3riXbUZH+UdAIVQ8V2bs=",
                              "requires": {
                                        "minimatch": ">=0.2.4"
                              }
                    },
                    "sax": {
                              "version": "0.5.8",
                              "resolved": "https://registry.npmjs.org/sax/-/sax-0.5.8.tgz",
                              "integrity": "sha1-1HLbIo6zMcJQaw6MFVJK25OdEsE="
                    },
                    "source-map": {
                              "version": "0.1.43",
                              "resolved": "https://registry.npmjs.org/source-map/-/source-map-0.1.43.tgz",
                              "integrity": "sha1-wkvBRspRfBRx9drL4lcbK3+eM0Y=",
                              "requires": {
                                        "amdefine": ">=0.0.4"
                              }
                    },
                    "sprintf-js": {
                              "version": "1.0.3",
                              "resolved": "https://registry.npmjs.org/sprintf-js/-/sprintf-js-1.0.3.tgz",
                              "integrity": "sha1-BOaSb2YolTVPPdAVIDYzuFcpfiw="
                    },
                    "stylus": {
                              "version": "0.32.1",
                              "resolved": "https://registry.npmjs.org/stylus/-/stylus-0.32.1.tgz",
                              "integrity": "sha1-PSgnW9nxgQhfjdD6UqhVlpaXghI=",
                              "requires": {
                                        "cssom": "0.2.x",
                                        "debug": "*",
                                        "mkdirp": "0.3.x"
                              }
                    },
                    "svg-font-create": {
                              "version": "0.0.5",
                              "resolved": "https://registry.npmjs.org/svg-font-create/-/svg-font-create-0.0.5.tgz",
                              "integrity": "sha1-zI4s7Oheq8nSYPTH3nfcso+U7vA=",
                              "requires": {
                                        "argparse": "~ 0.1.7",
                                        "fs-tools": "~ 0.2.6",
                                        "js-yaml": "~ 2.0.5",
                                        "lodash": "~ 1.2.1",
                                        "svgo": "~ 0.3.2",
                                        "xmldom": "~ 0.1.5"
                              },
                              "dependencies": {
                                        "esprima": {
                                                  "version": "4.0.1",
                                                  "resolved": "https://registry.npmjs.org/esprima/-/esprima-4.0.1.tgz",
                                                  "integrity": "sha512-eGuFFw7Upda+g4p+QHvnW0RyTX/SVeJBDM/gCtMARO0cLuT2HcEKnTPvhjV6aGeqrCB/sbNop0Kszm0jsaWU4A=="
                                        },
                                        "svgo": {
                                                  "version": "0.3.7",
                                                  "resolved": "https://registry.npmjs.org/svgo/-/svgo-0.3.7.tgz",
                                                  "integrity": "sha1-GOa7/Z9wuEtf6I5mVthEAsca56A=",
                                                  "requires": {
                                                            "coa": "~0.3.7",
                                                            "colors": "~0.6.0",
                                                            "js-yaml": "^3.13.1",
                                                            "sax": "~0.5.0",
                                                            "whet.extend": "^0.9.9"
                                                  },
                                                  "dependencies": {
                                                            "argparse": {
                                                                      "version": "1.0.10",
                                                                      "resolved": "https://registry.npmjs.org/argparse/-/argparse-1.0.10.tgz",
                                                                      "integrity": "sha512-o5Roy6tNG4SL/FOkCAN6RzjiakZS25RLYFrcMttJqbdd8BWrnA+fGz57iN5Pb06pvBGvl5gQ0B48dJlslXvoTg==",
                                                                      "requires": {
                                                                                "sprintf-js": "~1.0.2"
                                                                      }
                                                            },
                                                            "js-yaml": {
                                                                      "version": "3.13.1",
                                                                      "resolved": "https://registry.npmjs.org/js-yaml/-/js-yaml-3.13.1.tgz",
                                                                      "integrity": "sha512-YfbcO7jXDdyj0DGxYVSlSeQNHbD7XPWvrVWeVUujrQEoZzWJIRrCPoyk6kL6IAjAG2IolMK4T0hNUe0HOUs5Jw==",
                                                                      "requires": {
                                                                                "argparse": "^1.0.7",
                                                                                "esprima": "^4.0.0"
                                                                      }
                                                            }
                                                  }
                                        }
                              }
                    },
                    "svg-font-dump": {
                              "version": "0.0.7",
                              "resolved": "https://registry.npmjs.org/svg-font-dump/-/svg-font-dump-0.0.7.tgz",
                              "integrity": "sha1-YPu2ctbV3HKVWX08ZFvs76AQ2JI=",
                              "requires": {
                                        "argparse": "~ 0.1.7",
                                        "fs-tools": "~ 0.2.6",
                                        "js-yaml": "~ 2.0.5",
                                        "lodash": "~ 1.2.1",
                                        "xmldom": "~ 0.1.5"
                              }
                    },
                    "svgo": {
                              "version": "0.5.6",
                              "resolved": "https://registry.npmjs.org/svgo/-/svgo-0.5.6.tgz",
                              "integrity": "sha1-lQHFM8+E90p5vhuz80lNkSu+0Rk=",
                              "requires": {
                                        "coa": "~1.0.1",
                                        "colors": "~1.1.2",
                                        "js-yaml": "~3.3.1",
                                        "mkdirp": "~0.5.1",
                                        "sax": "~1.1.1",
                                        "whet.extend": "~0.9.9"
                              },
                              "dependencies": {
                                        "argparse": {
                                                  "version": "1.0.10",
                                                  "resolved": "https://registry.npmjs.org/argparse/-/argparse-1.0.10.tgz",
                                                  "integrity": "sha512-o5Roy6tNG4SL/FOkCAN6RzjiakZS25RLYFrcMttJqbdd8BWrnA+fGz57iN5Pb06pvBGvl5gQ0B48dJlslXvoTg==",
                                                  "requires": {
                                                            "sprintf-js": "~1.0.2"
                                                  }
                                        },
                                        "coa": {
                                                  "version": "1.0.4",
                                                  "resolved": "https://registry.npmjs.org/coa/-/coa-1.0.4.tgz",
                                                  "integrity": "sha1-qe8VNmDWqGqL3sAomlxoTSF0Mv0=",
                                                  "requires": {
                                                            "q": "^1.1.2"
                                                  }
                                        },
                                        "colors": {
                                                  "version": "1.1.2",
                                                  "resolved": "https://registry.npmjs.org/colors/-/colors-1.1.2.tgz",
                                                  "integrity": "sha1-FopHAXVran9RoSzgyXv6KMCE7WM="
                                        },
                                        "esprima": {
                                                  "version": "2.2.0",
                                                  "resolved": "https://registry.npmjs.org/esprima/-/esprima-2.2.0.tgz",
                                                  "integrity": "sha1-QpLB1o5Bc9gV+iKQ3Hr8ltgfzYM="
                                        },
                                        "js-yaml": {
                                                  "version": "3.3.1",
                                                  "resolved": "https://registry.npmjs.org/js-yaml/-/js-yaml-3.3.1.tgz",
                                                  "integrity": "sha1-yhrNNCPsJ10SFAp7q1HbAVugs8A=",
                                                  "requires": {
                                                            "argparse": "~1.0.2",
                                                            "esprima": "~2.2.0"
                                                  }
                                        },
                                        "mkdirp": {
                                                  "version": "0.5.5",
                                                  "resolved": "https://registry.npmjs.org/mkdirp/-/mkdirp-0.5.5.tgz",
                                                  "integrity": "sha512-NKmAlESf6jMGym1++R0Ra7wvhV+wFW63FaSOFPwRahvea0gMUcGUhVeAg/0BC0wiv9ih5NYPB1Wn1UEI1/L+xQ==",
                                                  "requires": {
                                                            "minimist": "^1.2.5"
                                                  }
                                        },
                                        "q": {
                                                  "version": "1.5.1",
                                                  "resolved": "https://registry.npmjs.org/q/-/q-1.5.1.tgz",
                                                  "integrity": "sha1-fjL3W0E4EpHQRhHxvxQQmsAGUdc="
                                        },
                                        "sax": {
                                                  "version": "1.1.6",
                                                  "resolved": "https://registry.npmjs.org/sax/-/sax-1.1.6.tgz",
                                                  "integrity": "sha1-XWFr6KXmB9VOEUr65Vt+ry/MMkA="
                                        }
                              }
                    },
                    "transformers": {
                              "version": "2.0.1",
                              "resolved": "https://registry.npmjs.org/transformers/-/transformers-2.0.1.tgz",
                              "integrity": "sha1-NSEx3865OnUy3HU1pPFCUQQ1o5Q=",
                              "requires": {
                                        "css": "~1.0.8",
                                        "promise": "~2.0",
                                        "uglify-js": "~2.2.5"
                              }
                    },
                    "ttf2eot": {
                              "version": "1.2.0",
                              "resolved": "https://registry.npmjs.org/ttf2eot/-/ttf2eot-1.2.0.tgz",
                              "integrity": "sha1-bDUnNxV8VM6jhRdTEhB51AK14vc=",
                              "requires": {
                                        "argparse": "~0.1.12"
                              }
                    },
                    "ttf2woff": {
                              "version": "1.0.1",
                              "resolved": "https://registry.npmjs.org/ttf2woff/-/ttf2woff-1.0.1.tgz",
                              "integrity": "sha1-eLL0WdO9DdzgsZ2t2rm2fDuxtYs=",
                              "requires": {
                                        "argparse": "~0.1.12"
                              }
                    },
                    "uglify-js": {
                              "version": "2.2.5",
                              "resolved": "https://registry.npmjs.org/uglify-js/-/uglify-js-2.2.5.tgz",
                              "integrity": "sha1-puAqcNg5eSuXgEiLe4sYTAlcmcc=",
                              "requires": {
                                        "optimist": "~0.3.5",
                                        "source-map": "~0.1.7"
                              }
                    },
                    "underscore": {
                              "version": "1.7.0",
                              "resolved": "https://registry.npmjs.org/underscore/-/underscore-1.7.0.tgz",
                              "integrity": "sha1-a7rwh3UA02vjTsqlhODbn+8DUgk="
                    },
                    "underscore.string": {
                              "version": "2.4.0",
                              "resolved": "https://registry.npmjs.org/underscore.string/-/underscore.string-2.4.0.tgz",
                              "integrity": "sha1-jN2PusTi0uoefi6Al8QvRCKA+Fs="
                    },
                    "whet.extend": {
                              "version": "0.9.9",
                              "resolved": "https://registry.npmjs.org/whet.extend/-/whet.extend-0.9.9.tgz",
                              "integrity": "sha1-+HfVv2SMl+WqVC+twW1qJZucEaE="
                    },
                    "wordwrap": {
                              "version": "0.0.3",
                              "resolved": "https://registry.npmjs.org/wordwrap/-/wordwrap-0.0.3.tgz",
                              "integrity": "sha1-o9XabNXAvAAI03I0u68b7WMFkQc="
                    },
                    "xmldom": {
                              "version": "0.1.31",
                              "resolved": "https://registry.npmjs.org/xmldom/-/xmldom-0.1.31.tgz",
                              "integrity": "sha512-yS2uJflVQs6n+CyjHoaBmVSqIDevTAWrzMmjG1Gc7h1qQ7uVozNhEPJAwZXWyGQ/Gafo3fCwrcaokezLPupVyQ=="
                    }
          }
}
